<?xml version="1.0" encoding="utf-8"?>
<Project ToolsVersion="4.0" xmlns="http://schemas.microsoft.com/developer/msbuild/2003">
  <ItemGroup>
    <Filter Include="Source Files">
      <UniqueIdentifier>{4FC737F1-C7A5-4376-A066-2A32D752A2FF}</UniqueIdentifier>
      <Extensions>cpp;c;cc;cxx;c++;cppm;ixx;def;odl;idl;hpj;bat;asm;asmx</Extensions>
    </Filter>
    <Filter Include="Header Files">
      <UniqueIdentifier>{93995380-89BD-4b04-88EB-625FBE52EBFB}</UniqueIdentifier>
      <Extensions>h;hh;hpp;hxx;h++;hm;inl;inc;ipp;xsd</Extensions>
    </Filter>
    <Filter Include="Header Files\System">
      <UniqueIdentifier>{9d6295da-6a01-48b7-9c95-cbeb5b668687}</UniqueIdentifier>
    </Filter>
    <Filter Include="Source Files\System">
      <UniqueIdentifier>{4c0ac567-2744-4cfd-86ed-443cce858cbc}</UniqueIdentifier>
    </Filter>
    <Filter Include="Header Files\GameObjects">
      <UniqueIdentifier>{3aa4e272-3a8e-4e3e-82ea-317c284a796f}</UniqueIdentifier>
    </Filter>
    <Filter Include="Header Files\System\Emscripten">
      <UniqueIdentifier>{cfe69b26-5b56-4696-baf9-f15a7a40092c}</UniqueIdentifier>
    </Filter>
    <Filter Include="Header Files\System\Win32">
      <UniqueIdentifier>{4209d38f-889b-4084-b15b-84152e9776a3}</UniqueIdentifier>
    </Filter>
    <Filter Include="Header Files\Components">
      <UniqueIdentifier>{fcb9c0c3-a038-4ce2-979a-6ca119c85206}</UniqueIdentifier>
    </Filter>
    <Filter Include="Source Files\GameObjects">
      <UniqueIdentifier>{bf16db66-ce1b-4d2a-a5f5-90656c256871}</UniqueIdentifier>
    </Filter>
    <Filter Include="Source Files\Components">
      <UniqueIdentifier>{3118708c-5637-4cd2-b8ae-c97c07c5134a}</UniqueIdentifier>
    </Filter>
    <Filter Include="Header Files\Util">
      <UniqueIdentifier>{7697a385-966d-4ccb-a798-7db45483ab5f}</UniqueIdentifier>
    </Filter>
    <Filter Include="Header Files\System\InputSystem">
      <UniqueIdentifier>{64c06b47-3dfc-4d6f-a360-b6e1715d3944}</UniqueIdentifier>
    </Filter>
    <Filter Include="Header Files\Resource Files">
      <UniqueIdentifier>{67DA6AB6-F800-4c08-8B7A-83BB121AAD01}</UniqueIdentifier>
      <Extensions>rc;ico;cur;bmp;dlg;rc2;rct;bin;rgs;gif;jpg;jpeg;jpe;resx;tiff;tif;png;wav;mfcribbon-ms</Extensions>
    </Filter>
    <Filter Include="Header Files\Allocators">
      <UniqueIdentifier>{aaa36fe8-cdcd-4dbe-be64-a8c2206efe3b}</UniqueIdentifier>
    </Filter>
    <Filter Include="Header Files\System\File Parser">
      <UniqueIdentifier>{2133aa1d-7d77-4c37-9728-3cf658d2f3ff}</UniqueIdentifier>
    </Filter>
    <Filter Include="Source Files\public">
      <UniqueIdentifier>{4695efb6-39d2-4431-8868-d517a674a47f}</UniqueIdentifier>
    </Filter>
  </ItemGroup>
  <ItemGroup>
    <ClCompile Include="GPR-460-01-Project.cpp">
      <Filter>Source Files</Filter>
    </ClCompile>
    <ClCompile Include="source\windows\System_Win32.cpp">
      <Filter>Source Files\System</Filter>
    </ClCompile>
    <ClCompile Include="source\GameObject.cpp">
      <Filter>Source Files\GameObjects</Filter>
    </ClCompile>
    <ClCompile Include="source\Components\RectangleRenderer.cpp">
      <Filter>Source Files\Components</Filter>
    </ClCompile>
    <ClCompile Include="source\Components\RectangleCollider.cpp">
      <Filter>Source Files\Components</Filter>
    </ClCompile>
    <ClCompile Include="source\Components\PlayerController.cpp">
      <Filter>Source Files\Components</Filter>
    </ClCompile>
    <ClCompile Include="source\Components\Transform.cpp">
      <Filter>Source Files\Components</Filter>
    </ClCompile>
    <ClCompile Include="source\InputSystem.cpp">
      <Filter>Source Files</Filter>
    </ClCompile>
    <ClCompile Include="source\Components\ColliderColorChanger.cpp">
      <Filter>Source Files\Components</Filter>
    </ClCompile>
    <ClCompile Include="source\Components\Component_System.cpp">
      <Filter>Source Files\Components</Filter>
    </ClCompile>
    <ClCompile Include="source\Allocators\StackAllocator.cpp">
      <Filter>Source Files</Filter>
    </ClCompile>
    <ClCompile Include="FileParser.cpp">
      <Filter>Source Files</Filter>
    </ClCompile>
  </ItemGroup>
  <ItemGroup>
    <ClInclude Include="source\Headers\System_Common.h">
      <Filter>Header Files\System</Filter>
    </ClInclude>
    <ClInclude Include="source\headers\System.h">
      <Filter>Header Files\System</Filter>
    </ClInclude>
    <ClInclude Include="source\windows\headers\System_Win32.h">
      <Filter>Header Files\System\Win32</Filter>
    </ClInclude>
    <ClInclude Include="source\headers\GameObject.h">
      <Filter>Header Files\GameObjects</Filter>
    </ClInclude>
    <ClInclude Include="source\headers\Components\RectangleRenderer.h">
      <Filter>Header Files\Components</Filter>
    </ClInclude>
    <ClInclude Include="source\headers\Components\RectangleCollider.h">
      <Filter>Header Files\Components</Filter>
    </ClInclude>
    <ClInclude Include="source\headers\Components\PlayerController.h">
      <Filter>Header Files\Components</Filter>
    </ClInclude>
    <ClInclude Include="source\headers\Components\ColliderColorChanger.h">
      <Filter>Header Files\Components</Filter>
    </ClInclude>
    <ClInclude Include="source\headers\Components\Transform.h">
      <Filter>Header Files\Components</Filter>
    </ClInclude>
    <ClInclude Include="source\headers\Util\Vector3.h">
      <Filter>Header Files\Util</Filter>
    </ClInclude>
    <ClInclude Include="source\headers\Util\Rect.h">
      <Filter>Header Files\Util</Filter>
    </ClInclude>
    <ClInclude Include="source\headers\Util\Color.h">
      <Filter>Header Files\Util</Filter>
    </ClInclude>
    <ClInclude Include="source\headers\Components\Component_Common.h">
      <Filter>Header Files\Components</Filter>
    </ClInclude>
    <ClInclude Include="source\headers\InputSystem.h">
      <Filter>Header Files\System\InputSystem</Filter>
    </ClInclude>
    <ClInclude Include="source\headers\Components\Component_System.h">
      <Filter>Header Files\Components</Filter>
    </ClInclude>
    <ClInclude Include="source\headers\Allocators\StackAllocator.h">
      <Filter>Header Files\Allocators</Filter>
    </ClInclude>
    <ClInclude Include="FileParser.h">
      <Filter>Header Files\System\File Parser</Filter>
    </ClInclude>
  </ItemGroup>
</Project>