<?xml version="1.0" encoding="utf-8"?>
<Project ToolsVersion="4.0" xmlns="http://schemas.microsoft.com/developer/msbuild/2003">
  <ItemGroup>
    <Filter Include="Source Files">
      <UniqueIdentifier>{4FC737F1-C7A5-4376-A066-2A32D752A2FF}</UniqueIdentifier>
      <Extensions>cpp;c;cc;cxx;c++;cppm;ixx;def;odl;idl;hpj;bat;asm;asmx</Extensions>
    </Filter>
    <Filter Include="Header Files">
      <UniqueIdentifier>{93995380-89BD-4b04-88EB-625FBE52EBFB}</UniqueIdentifier>
      <Extensions>h;hh;hpp;hxx;h++;hm;inl;inc;ipp;xsd</Extensions>
    </Filter>
    <Filter Include="Resource Files">
      <UniqueIdentifier>{67DA6AB6-F800-4c08-8B7A-83BB121AAD01}</UniqueIdentifier>
      <Extensions>rc;ico;cur;bmp;dlg;rc2;rct;bin;rgs;gif;jpg;jpeg;jpe;resx;tiff;tif;png;wav;mfcribbon-ms</Extensions>
    </Filter>
    <Filter Include="Header Files\System">
      <UniqueIdentifier>{9d6295da-6a01-48b7-9c95-cbeb5b668687}</UniqueIdentifier>
    </Filter>
    <Filter Include="Header Files\System\Win32">
      <UniqueIdentifier>{4209d38f-889b-4084-b15b-84152e9776a3}</UniqueIdentifier>
    </Filter>
    <Filter Include="Header Files\System\Emscripten">
      <UniqueIdentifier>{cfe69b26-5b56-4696-baf9-f15a7a40092c}</UniqueIdentifier>
    </Filter>
    <Filter Include="Source Files\System">
      <UniqueIdentifier>{4c0ac567-2744-4cfd-86ed-443cce858cbc}</UniqueIdentifier>
    </Filter>
  </ItemGroup>
  <ItemGroup>
    <ClCompile Include="GPR-460-01 Project.cpp">
      <Filter>Source Files</Filter>
    </ClCompile>
    <ClCompile Include="source\System_Emscripten.cpp">
      <Filter>Source Files\System</Filter>
    </ClCompile>
    <ClCompile Include="source\System_Win32.cpp">
      <Filter>Source Files\System</Filter>
    </ClCompile>
  </ItemGroup>
  <ItemGroup>
    <ClInclude Include="source\Headers\System_Common.h">
      <Filter>Header Files\System</Filter>
    </ClInclude>
    <ClInclude Include="source\Headers\System_Win32.h">
      <Filter>Header Files\System\Win32</Filter>
    </ClInclude>
    <ClInclude Include="source\Headers\System_Emscripten.h">
      <Filter>Header Files\System\Emscripten</Filter>
    </ClInclude>
    <ClInclude Include="source\headers\System.h">
      <Filter>Header Files\System</Filter>
    </ClInclude>
  </ItemGroup>
</Project>